{
    "_readme": [
        "This file locks the dependencies of your project to a known state",
        "Read more about it at https://getcomposer.org/doc/01-basic-usage.md#installing-dependencies",
        "This file is @generated automatically"
    ],
    "content-hash": "2cd623004a7e68bfb11338158675b9f2",
    "packages": [
        {
            "name": "nyholm/psr7",
            "version": "1.1.0",
            "source": {
                "type": "git",
                "url": "https://github.com/Nyholm/psr7.git",
                "reference": "701fe7ea8c12c07b985b156d589134d328160cf7"
            },
            "dist": {
                "type": "zip",
                "url": "https://api.github.com/repos/Nyholm/psr7/zipball/701fe7ea8c12c07b985b156d589134d328160cf7",
                "reference": "701fe7ea8c12c07b985b156d589134d328160cf7",
                "shasum": ""
            },
            "require": {
                "php": "^7.1",
                "php-http/message-factory": "^1.0",
                "psr/http-factory": "^1.0",
                "psr/http-message": "^1.0"
            },
            "provide": {
                "psr/http-factory-implementation": "1.0",
                "psr/http-message-implementation": "1.0"
            },
            "require-dev": {
                "http-interop/http-factory-tests": "dev-master",
                "php-http/psr7-integration-tests": "dev-master",
                "phpunit/phpunit": "^7.5"
            },
            "type": "library",
            "extra": {
                "branch-alias": {
                    "dev-master": "1.0-dev"
                }
            },
            "autoload": {
                "psr-4": {
                    "Nyholm\\Psr7\\": "src/"
                }
            },
            "notification-url": "https://packagist.org/downloads/",
            "license": [
                "MIT"
            ],
            "authors": [
                {
                    "name": "Tobias Nyholm",
                    "email": "tobias.nyholm@gmail.com"
                },
                {
                    "name": "Martijn van der Ven",
                    "email": "martijn@vanderven.se"
                }
            ],
            "description": "A fast PHP7 implementation of PSR-7",
            "homepage": "http://tnyholm.se",
            "keywords": [
                "psr-17",
                "psr-7"
            ],
            "time": "2019-02-16T17:20:43+00:00"
        },
        {
            "name": "nyholm/psr7-server",
            "version": "0.3.0",
            "source": {
                "type": "git",
                "url": "https://github.com/Nyholm/psr7-server.git",
                "reference": "1b71a848fcb066fb805b7a9ab3f41ff65bffcde8"
            },
            "dist": {
                "type": "zip",
                "url": "https://api.github.com/repos/Nyholm/psr7-server/zipball/1b71a848fcb066fb805b7a9ab3f41ff65bffcde8",
                "reference": "1b71a848fcb066fb805b7a9ab3f41ff65bffcde8",
                "shasum": ""
            },
            "require": {
                "php": "^7.1",
                "psr/http-factory": "^1.0",
                "psr/http-message": "^1.0"
            },
            "require-dev": {
                "nyholm/nsa": "^1.1",
                "nyholm/psr7": "^1.0",
                "phpunit/phpunit": "^7.0"
            },
            "type": "library",
            "autoload": {
                "psr-4": {
                    "Nyholm\\Psr7Server\\": "src/"
                }
            },
            "notification-url": "https://packagist.org/downloads/",
            "license": [
                "MIT"
            ],
            "authors": [
                {
                    "name": "Tobias Nyholm",
                    "email": "tobias.nyholm@gmail.com"
                },
                {
                    "name": "Martijn van der Ven",
                    "email": "martijn@vanderven.se"
                }
            ],
            "description": "Helper classes to handle PSR-7 server requests",
            "homepage": "http://tnyholm.se",
            "keywords": [
                "psr-17",
                "psr-7"
            ],
            "time": "2018-09-02T10:41:28+00:00"
        },
        {
            "name": "php-http/message-factory",
            "version": "v1.0.2",
            "source": {
                "type": "git",
                "url": "https://github.com/php-http/message-factory.git",
                "reference": "a478cb11f66a6ac48d8954216cfed9aa06a501a1"
            },
            "dist": {
                "type": "zip",
                "url": "https://api.github.com/repos/php-http/message-factory/zipball/a478cb11f66a6ac48d8954216cfed9aa06a501a1",
                "reference": "a478cb11f66a6ac48d8954216cfed9aa06a501a1",
                "shasum": ""
            },
            "require": {
                "php": ">=5.4",
                "psr/http-message": "^1.0"
            },
            "type": "library",
            "extra": {
                "branch-alias": {
                    "dev-master": "1.0-dev"
                }
            },
            "autoload": {
                "psr-4": {
                    "Http\\Message\\": "src/"
                }
            },
            "notification-url": "https://packagist.org/downloads/",
            "license": [
                "MIT"
            ],
            "authors": [
                {
                    "name": "Márk Sági-Kazár",
                    "email": "mark.sagikazar@gmail.com"
                }
            ],
            "description": "Factory interfaces for PSR-7 HTTP Message",
            "homepage": "http://php-http.org",
            "keywords": [
                "factory",
                "http",
                "message",
                "stream",
                "uri"
            ],
            "time": "2015-12-19T14:08:53+00:00"
        },
        {
            "name": "psr/container",
            "version": "1.0.0",
            "source": {
                "type": "git",
                "url": "https://github.com/php-fig/container.git",
                "reference": "b7ce3b176482dbbc1245ebf52b181af44c2cf55f"
            },
            "dist": {
                "type": "zip",
                "url": "https://api.github.com/repos/php-fig/container/zipball/b7ce3b176482dbbc1245ebf52b181af44c2cf55f",
                "reference": "b7ce3b176482dbbc1245ebf52b181af44c2cf55f",
                "shasum": ""
            },
            "require": {
                "php": ">=5.3.0"
            },
            "type": "library",
            "extra": {
                "branch-alias": {
                    "dev-master": "1.0.x-dev"
                }
            },
            "autoload": {
                "psr-4": {
                    "Psr\\Container\\": "src/"
                }
            },
            "notification-url": "https://packagist.org/downloads/",
            "license": [
                "MIT"
            ],
            "authors": [
                {
                    "name": "PHP-FIG",
                    "homepage": "http://www.php-fig.org/"
                }
            ],
            "description": "Common Container Interface (PHP FIG PSR-11)",
            "homepage": "https://github.com/php-fig/container",
            "keywords": [
                "PSR-11",
                "container",
                "container-interface",
                "container-interop",
                "psr"
            ],
            "time": "2017-02-14T16:28:37+00:00"
        },
        {
            "name": "psr/http-factory",
            "version": "1.0.1",
            "source": {
                "type": "git",
                "url": "https://github.com/php-fig/http-factory.git",
                "reference": "12ac7fcd07e5b077433f5f2bee95b3a771bf61be"
            },
            "dist": {
                "type": "zip",
                "url": "https://api.github.com/repos/php-fig/http-factory/zipball/12ac7fcd07e5b077433f5f2bee95b3a771bf61be",
                "reference": "12ac7fcd07e5b077433f5f2bee95b3a771bf61be",
                "shasum": ""
            },
            "require": {
                "php": ">=7.0.0",
                "psr/http-message": "^1.0"
            },
            "type": "library",
            "extra": {
                "branch-alias": {
                    "dev-master": "1.0.x-dev"
                }
            },
            "autoload": {
                "psr-4": {
                    "Psr\\Http\\Message\\": "src/"
                }
            },
            "notification-url": "https://packagist.org/downloads/",
            "license": [
                "MIT"
            ],
            "authors": [
                {
                    "name": "PHP-FIG",
                    "homepage": "http://www.php-fig.org/"
                }
            ],
            "description": "Common interfaces for PSR-7 HTTP message factories",
            "keywords": [
                "factory",
                "http",
                "message",
                "psr",
                "psr-17",
                "psr-7",
                "request",
                "response"
            ],
            "time": "2019-04-30T12:38:16+00:00"
        },
        {
            "name": "psr/http-message",
            "version": "1.0.1",
            "source": {
                "type": "git",
                "url": "https://github.com/php-fig/http-message.git",
                "reference": "f6561bf28d520154e4b0ec72be95418abe6d9363"
            },
            "dist": {
                "type": "zip",
                "url": "https://api.github.com/repos/php-fig/http-message/zipball/f6561bf28d520154e4b0ec72be95418abe6d9363",
                "reference": "f6561bf28d520154e4b0ec72be95418abe6d9363",
                "shasum": ""
            },
            "require": {
                "php": ">=5.3.0"
            },
            "type": "library",
            "extra": {
                "branch-alias": {
                    "dev-master": "1.0.x-dev"
                }
            },
            "autoload": {
                "psr-4": {
                    "Psr\\Http\\Message\\": "src/"
                }
            },
            "notification-url": "https://packagist.org/downloads/",
            "license": [
                "MIT"
            ],
            "authors": [
                {
                    "name": "PHP-FIG",
                    "homepage": "http://www.php-fig.org/"
                }
            ],
            "description": "Common interface for HTTP messages",
            "homepage": "https://github.com/php-fig/http-message",
            "keywords": [
                "http",
                "http-message",
                "psr",
                "psr-7",
                "request",
                "response"
            ],
            "time": "2016-08-06T14:39:51+00:00"
        },
        {
            "name": "psr/http-server-handler",
            "version": "1.0.1",
            "source": {
                "type": "git",
                "url": "https://github.com/php-fig/http-server-handler.git",
                "reference": "aff2f80e33b7f026ec96bb42f63242dc50ffcae7"
            },
            "dist": {
                "type": "zip",
                "url": "https://api.github.com/repos/php-fig/http-server-handler/zipball/aff2f80e33b7f026ec96bb42f63242dc50ffcae7",
                "reference": "aff2f80e33b7f026ec96bb42f63242dc50ffcae7",
                "shasum": ""
            },
            "require": {
                "php": ">=7.0",
                "psr/http-message": "^1.0"
            },
            "type": "library",
            "extra": {
                "branch-alias": {
                    "dev-master": "1.0.x-dev"
                }
            },
            "autoload": {
                "psr-4": {
                    "Psr\\Http\\Server\\": "src/"
                }
            },
            "notification-url": "https://packagist.org/downloads/",
            "license": [
                "MIT"
            ],
            "authors": [
                {
                    "name": "PHP-FIG",
                    "homepage": "http://www.php-fig.org/"
                }
            ],
            "description": "Common interface for HTTP server-side request handler",
            "keywords": [
                "handler",
                "http",
                "http-interop",
                "psr",
                "psr-15",
                "psr-7",
                "request",
                "response",
                "server"
            ],
            "time": "2018-10-30T16:46:14+00:00"
        },
        {
            "name": "psr/http-server-middleware",
            "version": "1.0.1",
            "source": {
                "type": "git",
                "url": "https://github.com/php-fig/http-server-middleware.git",
                "reference": "2296f45510945530b9dceb8bcedb5cb84d40c5f5"
            },
            "dist": {
                "type": "zip",
                "url": "https://api.github.com/repos/php-fig/http-server-middleware/zipball/2296f45510945530b9dceb8bcedb5cb84d40c5f5",
                "reference": "2296f45510945530b9dceb8bcedb5cb84d40c5f5",
                "shasum": ""
            },
            "require": {
                "php": ">=7.0",
                "psr/http-message": "^1.0",
                "psr/http-server-handler": "^1.0"
            },
            "type": "library",
            "extra": {
                "branch-alias": {
                    "dev-master": "1.0.x-dev"
                }
            },
            "autoload": {
                "psr-4": {
                    "Psr\\Http\\Server\\": "src/"
                }
            },
            "notification-url": "https://packagist.org/downloads/",
            "license": [
                "MIT"
            ],
            "authors": [
                {
                    "name": "PHP-FIG",
                    "homepage": "http://www.php-fig.org/"
                }
            ],
            "description": "Common interface for HTTP server-side middleware",
            "keywords": [
                "http",
                "http-interop",
                "middleware",
                "psr",
                "psr-15",
                "psr-7",
                "request",
                "response"
            ],
            "time": "2018-10-30T17:12:04+00:00"
        },
        {
            "name": "relay/relay",
            "version": "2.0.0",
            "source": {
                "type": "git",
                "url": "https://github.com/relayphp/Relay.Relay.git",
                "reference": "6a1c347c54f649ecaa438217e095868587e5ca05"
            },
            "dist": {
                "type": "zip",
                "url": "https://api.github.com/repos/relayphp/Relay.Relay/zipball/6a1c347c54f649ecaa438217e095868587e5ca05",
                "reference": "6a1c347c54f649ecaa438217e095868587e5ca05",
                "shasum": ""
            },
            "require": {
                "php": ">=7.1",
                "psr/http-message": "~1.0",
                "psr/http-server-handler": "~1.0"
            },
            "require-dev": {
                "phpunit/phpunit": "~7.0",
                "psr/http-server-middleware": "~1.0",
                "zendframework/zend-diactoros": "~1.0"
            },
            "type": "library",
            "autoload": {
                "psr-4": {
                    "Relay\\": "src/"
                }
            },
            "notification-url": "https://packagist.org/downloads/",
            "license": [
                "MIT"
            ],
            "authors": [
                {
                    "name": "Relay.Relay Contributors",
                    "homepage": "https://github.com/relayphp/Relay.Relay/contributors"
                }
            ],
            "description": "A PSR-15 server request handler.",
            "homepage": "https://github.com/relayphp/Relay.Relay",
            "keywords": [
                "middleware",
                "psr-15",
                "psr-7"
            ],
            "time": "2019-03-31T01:22:37+00:00"
        },
        {
            "name": "symfony/config",
            "version": "v4.2.8",
            "source": {
                "type": "git",
                "url": "https://github.com/symfony/config.git",
                "reference": "0e745ead307d5dcd4e163e94a47ec04b1428943f"
            },
            "dist": {
                "type": "zip",
                "url": "https://api.github.com/repos/symfony/config/zipball/0e745ead307d5dcd4e163e94a47ec04b1428943f",
                "reference": "0e745ead307d5dcd4e163e94a47ec04b1428943f",
                "shasum": ""
            },
            "require": {
                "php": "^7.1.3",
                "symfony/filesystem": "~3.4|~4.0",
                "symfony/polyfill-ctype": "~1.8"
            },
            "conflict": {
                "symfony/finder": "<3.4"
            },
            "require-dev": {
                "symfony/dependency-injection": "~3.4|~4.0",
                "symfony/event-dispatcher": "~3.4|~4.0",
                "symfony/finder": "~3.4|~4.0",
                "symfony/yaml": "~3.4|~4.0"
            },
            "suggest": {
                "symfony/yaml": "To use the yaml reference dumper"
            },
            "type": "library",
            "extra": {
                "branch-alias": {
                    "dev-master": "4.2-dev"
                }
            },
            "autoload": {
                "psr-4": {
                    "Symfony\\Component\\Config\\": ""
                },
                "exclude-from-classmap": [
                    "/Tests/"
                ]
            },
            "notification-url": "https://packagist.org/downloads/",
            "license": [
                "MIT"
            ],
            "authors": [
                {
                    "name": "Fabien Potencier",
                    "email": "fabien@symfony.com"
                },
                {
                    "name": "Symfony Community",
                    "homepage": "https://symfony.com/contributors"
                }
            ],
            "description": "Symfony Config Component",
            "homepage": "https://symfony.com",
            "time": "2019-04-01T14:03:25+00:00"
        },
        {
            "name": "symfony/contracts",
            "version": "v1.1.0",
            "source": {
                "type": "git",
                "url": "https://github.com/symfony/contracts.git",
                "reference": "d3636025e8253c6144358ec0a62773cae588395b"
            },
            "dist": {
                "type": "zip",
                "url": "https://api.github.com/repos/symfony/contracts/zipball/d3636025e8253c6144358ec0a62773cae588395b",
                "reference": "d3636025e8253c6144358ec0a62773cae588395b",
                "shasum": ""
            },
            "require": {
                "php": "^7.1.3"
            },
            "require-dev": {
                "psr/cache": "^1.0",
                "psr/container": "^1.0",
                "symfony/polyfill-intl-idn": "^1.10"
            },
            "suggest": {
                "psr/cache": "When using the Cache contracts",
                "psr/container": "When using the Service contracts",
                "symfony/cache-contracts-implementation": "",
                "symfony/event-dispatcher-implementation": "",
                "symfony/http-client-contracts-implementation": "",
                "symfony/service-contracts-implementation": "",
                "symfony/translation-contracts-implementation": ""
            },
            "type": "library",
            "extra": {
                "branch-alias": {
                    "dev-master": "1.1-dev"
                }
            },
            "autoload": {
                "psr-4": {
                    "Symfony\\Contracts\\": ""
                },
                "exclude-from-classmap": [
                    "**/Tests/"
                ]
            },
            "notification-url": "https://packagist.org/downloads/",
            "license": [
                "MIT"
            ],
            "authors": [
                {
                    "name": "Nicolas Grekas",
                    "email": "p@tchwork.com"
                },
                {
                    "name": "Symfony Community",
                    "homepage": "https://symfony.com/contributors"
                }
            ],
            "description": "A set of abstractions extracted out of the Symfony components",
            "homepage": "https://symfony.com",
            "keywords": [
                "abstractions",
                "contracts",
                "decoupling",
                "interfaces",
                "interoperability",
                "standards"
            ],
            "time": "2019-04-27T14:29:50+00:00"
        },
        {
            "name": "symfony/dependency-injection",
            "version": "v4.2.8",
            "source": {
                "type": "git",
                "url": "https://github.com/symfony/dependency-injection.git",
                "reference": "d161c0c8bc77ad6fdb8f5083b9e34c3015d43eb1"
            },
            "dist": {
                "type": "zip",
                "url": "https://api.github.com/repos/symfony/dependency-injection/zipball/d161c0c8bc77ad6fdb8f5083b9e34c3015d43eb1",
                "reference": "d161c0c8bc77ad6fdb8f5083b9e34c3015d43eb1",
                "shasum": ""
            },
            "require": {
                "php": "^7.1.3",
                "psr/container": "^1.0",
                "symfony/contracts": "^1.0"
            },
            "conflict": {
                "symfony/config": "<4.2",
                "symfony/finder": "<3.4",
                "symfony/proxy-manager-bridge": "<3.4",
                "symfony/yaml": "<3.4"
            },
            "provide": {
                "psr/container-implementation": "1.0",
                "symfony/service-contracts-implementation": "1.0"
            },
            "require-dev": {
                "symfony/config": "~4.2",
                "symfony/expression-language": "~3.4|~4.0",
                "symfony/yaml": "~3.4|~4.0"
            },
            "suggest": {
                "symfony/config": "",
                "symfony/expression-language": "For using expressions in service container configuration",
                "symfony/finder": "For using double-star glob patterns or when GLOB_BRACE portability is required",
                "symfony/proxy-manager-bridge": "Generate service proxies to lazy load them",
                "symfony/yaml": ""
            },
            "type": "library",
            "extra": {
                "branch-alias": {
                    "dev-master": "4.2-dev"
                }
            },
            "autoload": {
                "psr-4": {
                    "Symfony\\Component\\DependencyInjection\\": ""
                },
                "exclude-from-classmap": [
                    "/Tests/"
                ]
            },
            "notification-url": "https://packagist.org/downloads/",
            "license": [
                "MIT"
            ],
            "authors": [
                {
                    "name": "Fabien Potencier",
                    "email": "fabien@symfony.com"
                },
                {
                    "name": "Symfony Community",
                    "homepage": "https://symfony.com/contributors"
                }
            ],
            "description": "Symfony DependencyInjection Component",
            "homepage": "https://symfony.com",
            "time": "2019-04-27T11:48:17+00:00"
        },
        {
            "name": "symfony/filesystem",
            "version": "v4.2.8",
            "source": {
                "type": "git",
                "url": "https://github.com/symfony/filesystem.git",
                "reference": "e16b9e471703b2c60b95f14d31c1239f68f11601"
            },
            "dist": {
                "type": "zip",
                "url": "https://api.github.com/repos/symfony/filesystem/zipball/e16b9e471703b2c60b95f14d31c1239f68f11601",
                "reference": "e16b9e471703b2c60b95f14d31c1239f68f11601",
                "shasum": ""
            },
            "require": {
                "php": "^7.1.3",
                "symfony/polyfill-ctype": "~1.8"
            },
            "type": "library",
            "extra": {
                "branch-alias": {
                    "dev-master": "4.2-dev"
                }
            },
            "autoload": {
                "psr-4": {
                    "Symfony\\Component\\Filesystem\\": ""
                },
                "exclude-from-classmap": [
                    "/Tests/"
                ]
            },
            "notification-url": "https://packagist.org/downloads/",
            "license": [
                "MIT"
            ],
            "authors": [
                {
                    "name": "Fabien Potencier",
                    "email": "fabien@symfony.com"
                },
                {
                    "name": "Symfony Community",
                    "homepage": "https://symfony.com/contributors"
                }
            ],
            "description": "Symfony Filesystem Component",
            "homepage": "https://symfony.com",
            "time": "2019-02-07T11:40:08+00:00"
        },
        {
            "name": "symfony/http-foundation",
            "version": "v4.2.8",
            "source": {
                "type": "git",
                "url": "https://github.com/symfony/http-foundation.git",
                "reference": "1ea878bd3af18f934dedb8c0de60656a9a31a718"
            },
            "dist": {
                "type": "zip",
                "url": "https://api.github.com/repos/symfony/http-foundation/zipball/1ea878bd3af18f934dedb8c0de60656a9a31a718",
                "reference": "1ea878bd3af18f934dedb8c0de60656a9a31a718",
                "shasum": ""
            },
            "require": {
                "php": "^7.1.3",
                "symfony/polyfill-mbstring": "~1.1"
            },
            "require-dev": {
                "predis/predis": "~1.0",
                "symfony/expression-language": "~3.4|~4.0"
            },
            "type": "library",
            "extra": {
                "branch-alias": {
                    "dev-master": "4.2-dev"
                }
            },
            "autoload": {
                "psr-4": {
                    "Symfony\\Component\\HttpFoundation\\": ""
                },
                "exclude-from-classmap": [
                    "/Tests/"
                ]
            },
            "notification-url": "https://packagist.org/downloads/",
            "license": [
                "MIT"
            ],
            "authors": [
                {
                    "name": "Fabien Potencier",
                    "email": "fabien@symfony.com"
                },
                {
                    "name": "Symfony Community",
                    "homepage": "https://symfony.com/contributors"
                }
            ],
            "description": "Symfony HttpFoundation Component",
            "homepage": "https://symfony.com",
            "time": "2019-05-01T08:36:31+00:00"
        },
        {
            "name": "symfony/polyfill-ctype",
            "version": "v1.11.0",
            "source": {
                "type": "git",
                "url": "https://github.com/symfony/polyfill-ctype.git",
                "reference": "82ebae02209c21113908c229e9883c419720738a"
            },
            "dist": {
                "type": "zip",
                "url": "https://api.github.com/repos/symfony/polyfill-ctype/zipball/82ebae02209c21113908c229e9883c419720738a",
                "reference": "82ebae02209c21113908c229e9883c419720738a",
                "shasum": ""
            },
            "require": {
                "php": ">=5.3.3"
            },
            "suggest": {
                "ext-ctype": "For best performance"
            },
            "type": "library",
            "extra": {
                "branch-alias": {
                    "dev-master": "1.11-dev"
                }
            },
            "autoload": {
                "psr-4": {
                    "Symfony\\Polyfill\\Ctype\\": ""
                },
                "files": [
                    "bootstrap.php"
                ]
            },
            "notification-url": "https://packagist.org/downloads/",
            "license": [
                "MIT"
            ],
            "authors": [
                {
                    "name": "Symfony Community",
                    "homepage": "https://symfony.com/contributors"
                },
                {
                    "name": "Gert de Pagter",
                    "email": "BackEndTea@gmail.com"
                }
            ],
            "description": "Symfony polyfill for ctype functions",
            "homepage": "https://symfony.com",
            "keywords": [
                "compatibility",
                "ctype",
                "polyfill",
                "portable"
            ],
            "time": "2019-02-06T07:57:58+00:00"
        },
        {
            "name": "symfony/polyfill-mbstring",
            "version": "v1.11.0",
            "source": {
                "type": "git",
                "url": "https://github.com/symfony/polyfill-mbstring.git",
                "reference": "fe5e94c604826c35a32fa832f35bd036b6799609"
            },
            "dist": {
                "type": "zip",
                "url": "https://api.github.com/repos/symfony/polyfill-mbstring/zipball/fe5e94c604826c35a32fa832f35bd036b6799609",
                "reference": "fe5e94c604826c35a32fa832f35bd036b6799609",
                "shasum": ""
            },
            "require": {
                "php": ">=5.3.3"
            },
            "suggest": {
                "ext-mbstring": "For best performance"
            },
            "type": "library",
            "extra": {
                "branch-alias": {
                    "dev-master": "1.11-dev"
                }
            },
            "autoload": {
                "psr-4": {
                    "Symfony\\Polyfill\\Mbstring\\": ""
                },
                "files": [
                    "bootstrap.php"
                ]
            },
            "notification-url": "https://packagist.org/downloads/",
            "license": [
                "MIT"
            ],
            "authors": [
                {
                    "name": "Nicolas Grekas",
                    "email": "p@tchwork.com"
                },
                {
                    "name": "Symfony Community",
                    "homepage": "https://symfony.com/contributors"
                }
            ],
            "description": "Symfony polyfill for the Mbstring extension",
            "homepage": "https://symfony.com",
            "keywords": [
                "compatibility",
                "mbstring",
                "polyfill",
                "portable",
                "shim"
            ],
            "time": "2019-02-06T07:57:58+00:00"
        },
        {
            "name": "symfony/psr-http-message-bridge",
            "version": "v1.2.0",
            "source": {
                "type": "git",
                "url": "https://github.com/symfony/psr-http-message-bridge.git",
                "reference": "9ab9d71f97d5c7d35a121a7fb69f74fee95cd0ad"
            },
            "dist": {
                "type": "zip",
                "url": "https://api.github.com/repos/symfony/psr-http-message-bridge/zipball/9ab9d71f97d5c7d35a121a7fb69f74fee95cd0ad",
                "reference": "9ab9d71f97d5c7d35a121a7fb69f74fee95cd0ad",
                "shasum": ""
            },
            "require": {
                "php": "^7.1",
                "psr/http-message": "^1.0",
                "symfony/http-foundation": "^3.4 || ^4.0"
            },
            "require-dev": {
                "nyholm/psr7": "^1.1",
                "symfony/phpunit-bridge": "^3.4.20 || ^4.0",
                "zendframework/zend-diactoros": "^1.4.1 || ^2.0"
            },
            "suggest": {
                "nyholm/psr7": "For a super lightweight PSR-7/17 implementation"
            },
            "type": "symfony-bridge",
            "extra": {
                "branch-alias": {
                    "dev-master": "1.2-dev"
                }
            },
            "autoload": {
                "psr-4": {
                    "Symfony\\Bridge\\PsrHttpMessage\\": ""
                },
                "exclude-from-classmap": [
                    "/Tests/"
                ]
            },
            "notification-url": "https://packagist.org/downloads/",
            "license": [
                "MIT"
            ],
            "authors": [
                {
                    "name": "Symfony Community",
                    "homepage": "http://symfony.com/contributors"
                },
                {
                    "name": "Fabien Potencier",
                    "email": "fabien@symfony.com"
                }
            ],
            "description": "PSR HTTP message bridge",
            "homepage": "http://symfony.com",
            "keywords": [
                "http",
                "http-message",
                "psr-17",
                "psr-7"
            ],
            "time": "2019-03-11T18:22:33+00:00"
        },
        {
            "name": "symfony/routing",
            "version": "v4.2.8",
            "source": {
                "type": "git",
                "url": "https://github.com/symfony/routing.git",
                "reference": "f4e43bb0dff56f0f62fa056c82d7eadcdb391bab"
            },
            "dist": {
                "type": "zip",
                "url": "https://api.github.com/repos/symfony/routing/zipball/f4e43bb0dff56f0f62fa056c82d7eadcdb391bab",
                "reference": "f4e43bb0dff56f0f62fa056c82d7eadcdb391bab",
                "shasum": ""
            },
            "require": {
                "php": "^7.1.3"
            },
            "conflict": {
                "symfony/config": "<4.2",
                "symfony/dependency-injection": "<3.4",
                "symfony/yaml": "<3.4"
            },
            "require-dev": {
                "doctrine/annotations": "~1.0",
                "psr/log": "~1.0",
                "symfony/config": "~4.2",
                "symfony/dependency-injection": "~3.4|~4.0",
                "symfony/expression-language": "~3.4|~4.0",
                "symfony/http-foundation": "~3.4|~4.0",
                "symfony/yaml": "~3.4|~4.0"
            },
            "suggest": {
                "doctrine/annotations": "For using the annotation loader",
                "symfony/config": "For using the all-in-one router or any loader",
                "symfony/expression-language": "For using expression matching",
                "symfony/http-foundation": "For using a Symfony Request object",
                "symfony/yaml": "For using the YAML loader"
            },
            "type": "library",
            "extra": {
                "branch-alias": {
                    "dev-master": "4.2-dev"
                }
            },
            "autoload": {
                "psr-4": {
                    "Symfony\\Component\\Routing\\": ""
                },
                "exclude-from-classmap": [
                    "/Tests/"
                ]
            },
            "notification-url": "https://packagist.org/downloads/",
            "license": [
                "MIT"
            ],
            "authors": [
                {
                    "name": "Fabien Potencier",
                    "email": "fabien@symfony.com"
                },
                {
                    "name": "Symfony Community",
                    "homepage": "https://symfony.com/contributors"
                }
            ],
            "description": "Symfony Routing Component",
            "homepage": "https://symfony.com",
            "keywords": [
                "router",
                "routing",
                "uri",
                "url"
            ],
            "time": "2019-04-27T09:38:08+00:00"
        },
        {
            "name": "symfony/yaml",
            "version": "v4.2.8",
            "source": {
                "type": "git",
                "url": "https://github.com/symfony/yaml.git",
                "reference": "6712daf03ee25b53abb14e7e8e0ede1a770efdb1"
            },
            "dist": {
                "type": "zip",
                "url": "https://api.github.com/repos/symfony/yaml/zipball/6712daf03ee25b53abb14e7e8e0ede1a770efdb1",
                "reference": "6712daf03ee25b53abb14e7e8e0ede1a770efdb1",
                "shasum": ""
            },
            "require": {
                "php": "^7.1.3",
                "symfony/polyfill-ctype": "~1.8"
            },
            "conflict": {
                "symfony/console": "<3.4"
            },
            "require-dev": {
                "symfony/console": "~3.4|~4.0"
            },
            "suggest": {
                "symfony/console": "For validating YAML files using the lint command"
            },
            "type": "library",
            "extra": {
                "branch-alias": {
                    "dev-master": "4.2-dev"
                }
            },
            "autoload": {
                "psr-4": {
                    "Symfony\\Component\\Yaml\\": ""
                },
                "exclude-from-classmap": [
                    "/Tests/"
                ]
            },
            "notification-url": "https://packagist.org/downloads/",
            "license": [
                "MIT"
            ],
            "authors": [
                {
                    "name": "Fabien Potencier",
                    "email": "fabien@symfony.com"
                },
                {
                    "name": "Symfony Community",
                    "homepage": "https://symfony.com/contributors"
                }
            ],
            "description": "Symfony Yaml Component",
            "homepage": "https://symfony.com",
            "time": "2019-03-30T15:58:42+00:00"
        }
    ],
    "packages-dev": [],
    "aliases": [],
    "minimum-stability": "stable",
    "stability-flags": [],
    "prefer-stable": false,
    "prefer-lowest": false,
    "platform": [],
    "platform-dev": []
}
